[[package]]
name = "python-bitcoinrpc"
version = "1.0"
description = "Enhanced version of python-jsonrpc for use with Bitcoin"
category = "main"
optional = false
python-versions = "*"

[metadata]
lock-version = "1.1"
python-versions = "^3.9"
content-hash = "b33461c32e4bad5763e3e6ac428d03800dee013fc43c283fd576f672b2f41d80"

[metadata.files]
python-bitcoinrpc = [
    {file = "python-bitcoinrpc-1.0.tar.gz", hash = "sha256:a6a6f35672635163bc491c25fe29520bdd063dedbeda3b37bf5be97aa038c6e7"},
]
